
Microsoft Visual Studio Solution File, Format Version 12.00
# Visual Studio Version 16
VisualStudioVersion = 16.0.29926.136
MinimumVisualStudioVersion = 10.0.40219.1
Project("{FAE04EC0-301F-11D3-BF4B-00C04F79EFBC}") = "MyFirstTest", "MyFirstTest\MyFirstTest.csproj", "{68E6BF8E-DD7F-41E5-B449-C582AE836E46}"
EndProject
Global
	GlobalSection(SolutionConfigurationPlatforms) = preSolution
		Debug|Any CPU = Debug|Any CPU
		Release|Any CPU = Release|Any CPU
	EndGlobalSection
	GlobalSection(ProjectConfigurationPlatforms) = postSolution
		{68E6BF8E-DD7F-41E5-B449-C582AE836E46}.Debug|Any CPU.ActiveCfg = Debug|Any CPU
		{68E6BF8E-DD7F-41E5-B449-C582AE836E46}.Debug|Any CPU.Build.0 = Debug|Any CPU
		{68E6BF8E-DD7F-41E5-B449-C582AE836E46}.Release|Any CPU.ActiveCfg = Release|Any CPU
		{68E6BF8E-DD7F-41E5-B449-C582AE836E46}.Release|Any CPU.Build.0 = Release|Any CPU
	EndGlobalSection
	GlobalSection(SolutionProperties) = preSolution
		HideSolutionNode = FALSE
	EndGlobalSection
	GlobalSection(ExtensibilityGlobals) = postSolution
		SolutionGuid = {A14D0CCB-AFFD-41DB-BA6B-44C63DA44869}
	EndGlobalSection
EndGlobal
